
Microsoft Visual Studio Solution File, Format Version 12.00
# Visual Studio Version 16
VisualStudioVersion = 16.0.30002.166
MinimumVisualStudioVersion = 10.0.40219.1
Project("{FAE04EC0-301F-11D3-BF4B-00C04F79EFBC}") = "TaskManagementSystem", "TaskManagementSystem\TaskManagementSystem.csproj", "{9C0DC8EC-288B-43E2-93A8-E7B0A8336976}"
EndProject
Global
	GlobalSection(SolutionConfigurationPlatforms) = preSolution
		Debug|Any CPU = Debug|Any CPU
		Release|Any CPU = Release|Any CPU
	EndGlobalSection
	GlobalSection(ProjectConfigurationPlatforms) = postSolution
		{9C0DC8EC-288B-43E2-93A8-E7B0A8336976}.Debug|Any CPU.ActiveCfg = Debug|Any CPU
		{9C0DC8EC-288B-43E2-93A8-E7B0A8336976}.Debug|Any CPU.Build.0 = Debug|Any CPU
		{9C0DC8EC-288B-43E2-93A8-E7B0A8336976}.Release|Any CPU.ActiveCfg = Release|Any CPU
		{9C0DC8EC-288B-43E2-93A8-E7B0A8336976}.Release|Any CPU.Build.0 = Release|Any CPU
	EndGlobalSection
	GlobalSection(SolutionProperties) = preSolution
		HideSolutionNode = FALSE
	EndGlobalSection
	GlobalSection(ExtensibilityGlobals) = postSolution
		SolutionGuid = {2E973BD0-11B2-4234-9D00-F79CD3FD1C0D}
	EndGlobalSection
EndGlobal
